
Microsoft Visual Studio Solution File, Format Version 12.00
# Visual Studio Version 16
VisualStudioVersion = 16.0.31321.278
MinimumVisualStudioVersion = 10.0.40219.1
Project("{FAE04EC0-301F-11D3-BF4B-00C04F79EFBC}") = "PoryectoFinalDeGestionDelConocimiento", "PoryectoFinalDeGestionDelConocimiento\PoryectoFinalDeGestionDelConocimiento.csproj", "{2F5BADA3-C8E0-413C-9331-DE4411009147}"
EndProject
Global
	GlobalSection(SolutionConfigurationPlatforms) = preSolution
		Debug|Any CPU = Debug|Any CPU
		Release|Any CPU = Release|Any CPU
	EndGlobalSection
	GlobalSection(ProjectConfigurationPlatforms) = postSolution
		{2F5BADA3-C8E0-413C-9331-DE4411009147}.Debug|Any CPU.ActiveCfg = Debug|Any CPU
		{2F5BADA3-C8E0-413C-9331-DE4411009147}.Debug|Any CPU.Build.0 = Debug|Any CPU
		{2F5BADA3-C8E0-413C-9331-DE4411009147}.Release|Any CPU.ActiveCfg = Release|Any CPU
		{2F5BADA3-C8E0-413C-9331-DE4411009147}.Release|Any CPU.Build.0 = Release|Any CPU
	EndGlobalSection
	GlobalSection(SolutionProperties) = preSolution
		HideSolutionNode = FALSE
	EndGlobalSection
	GlobalSection(ExtensibilityGlobals) = postSolution
		SolutionGuid = {14F9787A-2334-4A04-B46B-519A50907042}
	EndGlobalSection
EndGlobal
